<?xml version="1.0" encoding="UTF-8"?>
<CONFIG>
  <ProjectOptions>
    <Version Value="9"/>
    <General>
      <Flags>
        <MainUnitHasCreateFormStatements Value="False"/>
        <MainUnitHasTitleStatement Value="False"/>
        <Runnable Value="False"/>
      </Flags>
      <SessionStorage Value="InProjectDir"/>
      <MainUnit Value="0"/>
      <Title Value="fipq"/>
      <UseAppBundle Value="False"/>
      <ResourceType Value="res"/>
    </General>
    <i18n>
      <EnableI18N LFM="False"/>
    </i18n>
    <VersionInfo>
      <StringTable ProductVersion=""/>
    </VersionInfo>
    <BuildModes Count="5">
      <Item1 Name="Default" Default="True"/>
      <Item2 Name="BUILD_MODE_QEMUVPB">
        <CompilerOptions>
          <Version Value="11"/>
          <Target>
            <Filename Value="fipq"/>
          </Target>
          <SearchPaths>
            <IncludeFiles Value="$(ProjOutDir)"/>
            <OtherUnitFiles Value="ForthIntel"/>
            <UnitOutputDirectory Value="lib/$(TargetCPU)-$(TargetOS)"/>
          </SearchPaths>
          <CodeGeneration>
            <SmartLinkUnit Value="True"/>
            <TargetProcessor Value="ARMV7A"/>
            <TargetController Value="QEMUVPB"/>
            <TargetCPU Value="arm"/>
            <TargetOS Value="ultibo"/>
            <Optimizations>
              <OptimizationLevel Value="2"/>
            </Optimizations>
          </CodeGeneration>
          <Linking>
            <Debugging>
              <GenerateDebugInfo Value="False"/>
              <UseLineInfoUnit Value="False"/>
            </Debugging>
            <LinkSmart Value="True"/>
          </Linking>
          <Other>
            <ConfigFile>
              <ConfigFilePath Value="arm.cfg"/>
            </ConfigFile>
            <CustomOptions Value="-dBUILD_MODE_QEMUVPB
-dUSES_ARM"/>
            <OtherDefines Count="2">
              <Define0 Value="BUILD_MODE_QEMUVPB"/>
              <Define1 Value="USES_ARM"/>
            </OtherDefines>
          </Other>
        </CompilerOptions>
      </Item2>
      <Item3 Name="BUILD_MODE_RPI">
        <CompilerOptions>
          <Version Value="11"/>
          <Target>
            <Filename Value="fipq"/>
          </Target>
          <SearchPaths>
            <IncludeFiles Value="$(ProjOutDir)"/>
            <OtherUnitFiles Value="ForthIntel"/>
            <UnitOutputDirectory Value="lib/$(TargetCPU)-$(TargetOS)"/>
          </SearchPaths>
          <CodeGeneration>
            <SmartLinkUnit Value="True"/>
            <TargetProcessor Value="ARMV6"/>
            <TargetController Value="RPIB"/>
            <TargetCPU Value="arm"/>
            <TargetOS Value="ultibo"/>
            <Optimizations>
              <OptimizationLevel Value="2"/>
            </Optimizations>
          </CodeGeneration>
          <Linking>
            <Debugging>
              <GenerateDebugInfo Value="False"/>
              <UseLineInfoUnit Value="False"/>
            </Debugging>
            <LinkSmart Value="True"/>
          </Linking>
          <Other>
            <CustomOptions Value="-dBUILD_MODE_RPI"/>
            <OtherDefines Count="1">
              <Define0 Value="BUILD_MODE_RPI"/>
            </OtherDefines>
          </Other>
        </CompilerOptions>
      </Item3>
      <Item4 Name="BUILD_MODE_RPI2">
        <CompilerOptions>
          <Version Value="11"/>
          <Target>
            <Filename Value="fipq"/>
          </Target>
          <SearchPaths>
            <IncludeFiles Value="$(ProjOutDir)"/>
            <OtherUnitFiles Value="ForthIntel"/>
            <UnitOutputDirectory Value="lib/$(TargetCPU)-$(TargetOS)"/>
          </SearchPaths>
          <CodeGeneration>
            <SmartLinkUnit Value="True"/>
            <TargetProcessor Value="ARMV7A"/>
            <TargetController Value="RPI2B"/>
            <TargetCPU Value="arm"/>
            <TargetOS Value="ultibo"/>
            <Optimizations>
              <OptimizationLevel Value="2"/>
            </Optimizations>
          </CodeGeneration>
          <Linking>
            <Debugging>
              <GenerateDebugInfo Value="False"/>
              <UseLineInfoUnit Value="False"/>
            </Debugging>
            <LinkSmart Value="True"/>
          </Linking>
          <Other>
            <CustomOptions Value="-dBUILD_MODE_RPI2"/>
            <OtherDefines Count="1">
              <Define0 Value="BUILD_MODE_RPI2"/>
            </OtherDefines>
          </Other>
        </CompilerOptions>
      </Item4>
      <Item5 Name="BUILD_MODE_RPI3">
        <CompilerOptions>
          <Version Value="11"/>
          <Target>
            <Filename Value="fipq"/>
          </Target>
          <SearchPaths>
            <IncludeFiles Value="$(ProjOutDir)"/>
            <OtherUnitFiles Value="ForthIntel"/>
            <UnitOutputDirectory Value="lib/$(TargetCPU)-$(TargetOS)"/>
          </SearchPaths>
          <CodeGeneration>
            <SmartLinkUnit Value="True"/>
            <TargetProcessor Value="ARMV7A"/>
            <TargetController Value="RPI3B"/>
            <TargetCPU Value="arm"/>
            <TargetOS Value="ultibo"/>
            <Optimizations>
              <OptimizationLevel Value="2"/>
            </Optimizations>
          </CodeGeneration>
          <Linking>
            <Debugging>
              <GenerateDebugInfo Value="False"/>
              <UseLineInfoUnit Value="False"/>
            </Debugging>
            <LinkSmart Value="True"/>
          </Linking>
          <Other>
            <CustomOptions Value="-dBUILD_MODE_RPI3"/>
            <OtherDefines Count="1">
              <Define0 Value="BUILD_MODE_RPI3"/>
            </OtherDefines>
          </Other>
        </CompilerOptions>
      </Item5>
    </BuildModes>
    <PublishOptions>
      <Version Value="2"/>
    </PublishOptions>
    <RunParams>
      <local>
        <FormatVersion Value="1"/>
      </local>
    </RunParams>
    <Units Count="4">
      <Unit0>
        <Filename Value="fipq.lpr"/>
        <IsPartOfProject Value="True"/>
      </Unit0>
      <Unit1>
        <Filename Value="armall.pas"/>
        <IsPartOfProject Value="True"/>
      </Unit1>
      <Unit2>
        <Filename Value="ForthIntel/parser.pas"/>
        <IsPartOfProject Value="True"/>
      </Unit2>
      <Unit3>
        <Filename Value="ForthIntel/secondary.pas"/>
        <IsPartOfProject Value="True"/>
      </Unit3>
    </Units>
  </ProjectOptions>
  <CompilerOptions>
    <Version Value="11"/>
    <Target>
      <Filename Value="fipq"/>
    </Target>
    <SearchPaths>
      <IncludeFiles Value="$(ProjOutDir)"/>
      <OtherUnitFiles Value="ForthIntel"/>
      <UnitOutputDirectory Value="lib/$(TargetCPU)-$(TargetOS)"/>
    </SearchPaths>
    <CodeGeneration>
      <SmartLinkUnit Value="True"/>
      <TargetProcessor Value="ARMV7A"/>
      <TargetController Value="QEMUVPB"/>
      <TargetCPU Value="arm"/>
      <TargetOS Value="ultibo"/>
      <Optimizations>
        <OptimizationLevel Value="2"/>
      </Optimizations>
    </CodeGeneration>
    <Linking>
      <Debugging>
        <GenerateDebugInfo Value="False"/>
        <UseLineInfoUnit Value="False"/>
      </Debugging>
      <LinkSmart Value="True"/>
    </Linking>
    <Other>
      <CustomOptions Value="-dBUILD_MODE_QEMUVPB"/>
      <OtherDefines Count="1">
        <Define0 Value="BUILD_MODE_QEMUVPB"/>
      </OtherDefines>
    </Other>
  </CompilerOptions>
  <Debugging>
    <Exceptions Count="3">
      <Item1>
        <Name Value="EAbort"/>
      </Item1>
      <Item2>
        <Name Value="ECodetoolError"/>
      </Item2>
      <Item3>
        <Name Value="EFOpenError"/>
      </Item3>
    </Exceptions>
  </Debugging>
</CONFIG>
